// !$*UTF8*$!
{
	archiveVersion = 1;
	classes = {
	};
	objectVersion = 77;
	objects = {

/* Begin PBXContainerItemProxy section */
		CC24B8C82CE0CDC40047C008 /* PBXContainerItemProxy */ = {
			isa = PBXContainerItemProxy;
			containerPortal = CC24B8AF2CE0CDC30047C008 /* Project object */;
			proxyType = 1;
			remoteGlobalIDString = CC24B8B62CE0CDC30047C008;
			remoteInfo = OnBoardingScreen;
		};
		CC24B8D22CE0CDC40047C008 /* PBXContainerItemProxy */ = {
			isa = PBXContainerItemProxy;
			containerPortal = CC24B8AF2CE0CDC30047C008 /* Project object */;
			proxyType = 1;
			remoteGlobalIDString = CC24B8B62CE0CDC30047C008;
			remoteInfo = OnBoardingScreen;
		};
/* End PBXContainerItemProxy section */

/* Begin PBXFileReference section */
		CC24B8B72CE0CDC30047C008 /* OnBoardingScreen.app */ = {isa = PBXFileReference; explicitFileType = wrapper.application; includeInIndex = 0; path = OnBoardingScreen.app; sourceTree = BUILT_PRODUCTS_DIR; };
		CC24B8C72CE0CDC40047C008 /* OnBoardingScreenTests.xctest */ = {isa = PBXFileReference; explicitFileType = wrapper.cfbundle; includeInIndex = 0; path = OnBoardingScreenTests.xctest; sourceTree = BUILT_PRODUCTS_DIR; };
		CC24B8D12CE0CDC40047C008 /* OnBoardingScreenUITests.xctest */ = {isa = PBXFileReference; explicitFileType = wrapper.cfbundle; includeInIndex = 0; path = OnBoardingScreenUITests.xctest; sourceTree = BUILT_PRODUCTS_DIR; };
/* End PBXFileReference section */

/* Begin PBXFileSystemSynchronizedRootGroup section */
		CC24B8B92CE0CDC30047C008 /* OnBoardingScreen */ = {
			isa = PBXFileSystemSynchronizedRootGroup;
			path = OnBoardingScreen;
			sourceTree = "<group>";
		};
		CC24B8CA2CE0CDC40047C008 /* OnBoardingScreenTests */ = {
			isa = PBXFileSystemSynchronizedRootGroup;
			path = OnBoardingScreenTests;
			sourceTree = "<group>";
		};
		CC24B8D42CE0CDC40047C008 /* OnBoardingScreenUITests */ = {
			isa = PBXFileSystemSynchronizedRootGroup;
			path = OnBoardingScreenUITests;
			sourceTree = "<group>";
		};
/* End PBXFileSystemSynchronizedRootGroup section */

/* Begin PBXFrameworksBuildPhase section */
		CC24B8B42CE0CDC30047C008 /* Frameworks */ = {
			isa = PBXFrameworksBuildPhase;
			buildActionMask = 2147483647;
			files = (
			);
			runOnlyForDeploymentPostprocessing = 0;
		};
		CC24B8C42CE0CDC40047C008 /* Frameworks */ = {
			isa = PBXFrameworksBuildPhase;
			buildActionMask = 2147483647;
			files = (
			);
			runOnlyForDeploymentPostprocessing = 0;
		};
		CC24B8CE2CE0CDC40047C008 /* Frameworks */ = {
			isa = PBXFrameworksBuildPhase;
			buildActionMask = 2147483647;
			files = (
			);
			runOnlyForDeploymentPostprocessing = 0;
		};
/* End PBXFrameworksBuildPhase section */

/* Begin PBXGroup section */
		CC24B8AE2CE0CDC30047C008 = {
			isa = PBXGroup;
			children = (
				CC24B8B92CE0CDC30047C008 /* OnBoardingScreen */,
				CC24B8CA2CE0CDC40047C008 /* OnBoardingScreenTests */,
				CC24B8D42CE0CDC40047C008 /* OnBoardingScreenUITests */,
				CC24B8B82CE0CDC30047C008 /* Products */,
			);
			sourceTree = "<group>";
		};
		CC24B8B82CE0CDC30047C008 /* Products */ = {
			isa = PBXGroup;
			children = (
				CC24B8B72CE0CDC30047C008 /* OnBoardingScreen.app */,
				CC24B8C72CE0CDC40047C008 /* OnBoardingScreenTests.xctest */,
				CC24B8D12CE0CDC40047C008 /* OnBoardingScreenUITests.xctest */,
			);
			name = Products;
			sourceTree = "<group>";
		};
/* End PBXGroup section */

/* Begin PBXNativeTarget section */
		CC24B8B62CE0CDC30047C008 /* OnBoardingScreen */ = {
			isa = PBXNativeTarget;
			buildConfigurationList = CC24B8DB2CE0CDC40047C008 /* Build configuration list for PBXNativeTarget "OnBoardingScreen" */;
			buildPhases = (
				CC24B8B32CE0CDC30047C008 /* Sources */,
				CC24B8B42CE0CDC30047C008 /* Frameworks */,
				CC24B8B52CE0CDC30047C008 /* Resources */,
			);
			buildRules = (
			);
			dependencies = (
			);
			fileSystemSynchronizedGroups = (
				CC24B8B92CE0CDC30047C008 /* OnBoardingScreen */,
			);
			name = OnBoardingScreen;
			packageProductDependencies = (
			);
			productName = OnBoardingScreen;
			productReference = CC24B8B72CE0CDC30047C008 /* OnBoardingScreen.app */;
			productType = "com.apple.product-type.application";
		};
		CC24B8C62CE0CDC40047C008 /* OnBoardingScreenTests */ = {
			isa = PBXNativeTarget;
			buildConfigurationList = CC24B8DE2CE0CDC40047C008 /* Build configuration list for PBXNativeTarget "OnBoardingScreenTests" */;
			buildPhases = (
				CC24B8C32CE0CDC40047C008 /* Sources */,
				CC24B8C42CE0CDC40047C008 /* Frameworks */,
				CC24B8C52CE0CDC40047C008 /* Resources */,
			);
			buildRules = (
			);
			dependencies = (
				CC24B8C92CE0CDC40047C008 /* PBXTargetDependency */,
			);
			fileSystemSynchronizedGroups = (
				CC24B8CA2CE0CDC40047C008 /* OnBoardingScreenTests */,
			);
			name = OnBoardingScreenTests;
			packageProductDependencies = (
			);
			productName = OnBoardingScreenTests;
			productReference = CC24B8C72CE0CDC40047C008 /* OnBoardingScreenTests.xctest */;
			productType = "com.apple.product-type.bundle.unit-test";
		};
		CC24B8D02CE0CDC40047C008 /* OnBoardingScreenUITests */ = {
			isa = PBXNativeTarget;
			buildConfigurationList = CC24B8E12CE0CDC40047C008 /* Build configuration list for PBXNativeTarget "OnBoardingScreenUITests" */;
			buildPhases = (
				CC24B8CD2CE0CDC40047C008 /* Sources */,
				CC24B8CE2CE0CDC40047C008 /* Frameworks */,
				CC24B8CF2CE0CDC40047C008 /* Resources */,
			);
			buildRules = (
			);
			dependencies = (
				CC24B8D32CE0CDC40047C008 /* PBXTargetDependency */,
			);
			fileSystemSynchronizedGroups = (
				CC24B8D42CE0CDC40047C008 /* OnBoardingScreenUITests */,
			);
			name = OnBoardingScreenUITests;
			packageProductDependencies = (
			);
			productName = OnBoardingScreenUITests;
			productReference = CC24B8D12CE0CDC40047C008 /* OnBoardingScreenUITests.xctest */;
			productType = "com.apple.product-type.bundle.ui-testing";
		};
/* End PBXNativeTarget section */

/* Begin PBXProject section */
		CC24B8AF2CE0CDC30047C008 /* Project object */ = {
			isa = PBXProject;
			attributes = {
				BuildIndependentTargetsInParallel = 1;
				LastSwiftUpdateCheck = 1610;
				LastUpgradeCheck = 1610;
				TargetAttributes = {
					CC24B8B62CE0CDC30047C008 = {
						CreatedOnToolsVersion = 16.1;
					};
					CC24B8C62CE0CDC40047C008 = {
						CreatedOnToolsVersion = 16.1;
						TestTargetID = CC24B8B62CE0CDC30047C008;
					};
					CC24B8D02CE0CDC40047C008 = {
						CreatedOnToolsVersion = 16.1;
						TestTargetID = CC24B8B62CE0CDC30047C008;
					};
				};
			};
			buildConfigurationList = CC24B8B22CE0CDC30047C008 /* Build configuration list for PBXProject "OnBoardingScreen" */;
			developmentRegion = en;
			hasScannedForEncodings = 0;
			knownRegions = (
				en,
				Base,
			);
			mainGroup = CC24B8AE2CE0CDC30047C008;
			minimizedProjectReferenceProxies = 1;
			preferredProjectObjectVersion = 77;
			productRefGroup = CC24B8B82CE0CDC30047C008 /* Products */;
			projectDirPath = "";
			projectRoot = "";
			targets = (
				CC24B8B62CE0CDC30047C008 /* OnBoardingScreen */,
				CC24B8C62CE0CDC40047C008 /* OnBoardingScreenTests */,
				CC24B8D02CE0CDC40047C008 /* OnBoardingScreenUITests */,
			);
		};
/* End PBXProject section */

/* Begin PBXResourcesBuildPhase section */
		CC24B8B52CE0CDC30047C008 /* Resources */ = {
			isa = PBXResourcesBuildPhase;
			buildActionMask = 2147483647;
			files = (
			);
			runOnlyForDeploymentPostprocessing = 0;
		};
		CC24B8C52CE0CDC40047C008 /* Resources */ = {
			isa = PBXResourcesBuildPhase;
			buildActionMask = 2147483647;
			files = (
			);
			runOnlyForDeploymentPostprocessing = 0;
		};
		CC24B8CF2CE0CDC40047C008 /* Resources */ = {
			isa = PBXResourcesBuildPhase;
			buildActionMask = 2147483647;
			files = (
			);
			runOnlyForDeploymentPostprocessing = 0;
		};
/* End PBXResourcesBuildPhase section */

/* Begin PBXSourcesBuildPhase section */
		CC24B8B32CE0CDC30047C008 /* Sources */ = {
			isa = PBXSourcesBuildPhase;
			buildActionMask = 2147483647;
			files = (
			);
			runOnlyForDeploymentPostprocessing = 0;
		};
		CC24B8C32CE0CDC40047C008 /* Sources */ = {
			isa = PBXSourcesBuildPhase;
			buildActionMask = 2147483647;
			files = (
			);
			runOnlyForDeploymentPostprocessing = 0;
		};
		CC24B8CD2CE0CDC40047C008 /* Sources */ = {
			isa = PBXSourcesBuildPhase;
			buildActionMask = 2147483647;
			files = (
			);
			runOnlyForDeploymentPostprocessing = 0;
		};
/* End PBXSourcesBuildPhase section */

/* Begin PBXTargetDependency section */
		CC24B8C92CE0CDC40047C008 /* PBXTargetDependency */ = {
			isa = PBXTargetDependency;
			target = CC24B8B62CE0CDC30047C008 /* OnBoardingScreen */;
			targetProxy = CC24B8C82CE0CDC40047C008 /* PBXContainerItemProxy */;
		};
		CC24B8D32CE0CDC40047C008 /* PBXTargetDependency */ = {
			isa = PBXTargetDependency;
			target = CC24B8B62CE0CDC30047C008 /* OnBoardingScreen */;
			targetProxy = CC24B8D22CE0CDC40047C008 /* PBXContainerItemProxy */;
		};
/* End PBXTargetDependency section */

/* Begin XCBuildConfiguration section */
		CC24B8D92CE0CDC40047C008 /* Debug */ = {
			isa = XCBuildConfiguration;
			buildSettings = {
				ALWAYS_SEARCH_USER_PATHS = NO;
				ASSETCATALOG_COMPILER_GENERATE_SWIFT_ASSET_SYMBOL_EXTENSIONS = YES;
				CLANG_ANALYZER_NONNULL = YES;
				CLANG_ANALYZER_NUMBER_OBJECT_CONVERSION = YES_AGGRESSIVE;
				CLANG_CXX_LANGUAGE_STANDARD = "gnu++20";
				CLANG_ENABLE_MODULES = YES;
				CLANG_ENABLE_OBJC_ARC = YES;
				CLANG_ENABLE_OBJC_WEAK = YES;
				CLANG_WARN_BLOCK_CAPTURE_AUTORELEASING = YES;
				CLANG_WARN_BOOL_CONVERSION = YES;
				CLANG_WARN_COMMA = YES;
				CLANG_WARN_CONSTANT_CONVERSION = YES;
				CLANG_WARN_DEPRECATED_OBJC_IMPLEMENTATIONS = YES;
				CLANG_WARN_DIRECT_OBJC_ISA_USAGE = YES_ERROR;
				CLANG_WARN_DOCUMENTATION_COMMENTS = YES;
				CLANG_WARN_EMPTY_BODY = YES;
				CLANG_WARN_ENUM_CONVERSION = YES;
				CLANG_WARN_INFINITE_RECURSION = YES;
				CLANG_WARN_INT_CONVERSION = YES;
				CLANG_WARN_NON_LITERAL_NULL_CONVERSION = YES;
				CLANG_WARN_OBJC_IMPLICIT_RETAIN_SELF = YES;
				CLANG_WARN_OBJC_LITERAL_CONVERSION = YES;
				CLANG_WARN_OBJC_ROOT_CLASS = YES_ERROR;
				CLANG_WARN_QUOTED_INCLUDE_IN_FRAMEWORK_HEADER = YES;
				CLANG_WARN_RANGE_LOOP_ANALYSIS = YES;
				CLANG_WARN_STRICT_PROTOTYPES = YES;
				CLANG_WARN_SUSPICIOUS_MOVE = YES;
				CLANG_WARN_UNGUARDED_AVAILABILITY = YES_AGGRESSIVE;
				CLANG_WARN_UNREACHABLE_CODE = YES;
				CLANG_WARN__DUPLICATE_METHOD_MATCH = YES;
				COPY_PHASE_STRIP = NO;
				DEBUG_INFORMATION_FORMAT = dwarf;
				ENABLE_STRICT_OBJC_MSGSEND = YES;
				ENABLE_TESTABILITY = YES;
				ENABLE_USER_SCRIPT_SANDBOXING = YES;
				GCC_C_LANGUAGE_STANDARD = gnu17;
				GCC_DYNAMIC_NO_PIC = NO;
				GCC_NO_COMMON_BLOCKS = YES;
				GCC_OPTIMIZATION_LEVEL = 0;
				GCC_PREPROCESSOR_DEFINITIONS = (
					"DEBUG=1",
					"$(inherited)",
				);
				GCC_WARN_64_TO_32_BIT_CONVERSION = YES;
				GCC_WARN_ABOUT_RETURN_TYPE = YES_ERROR;
				GCC_WARN_UNDECLARED_SELECTOR = YES;
				GCC_WARN_UNINITIALIZED_AUTOS = YES_AGGRESSIVE;
				GCC_WARN_UNUSED_FUNCTION = YES;
				GCC_WARN_UNUSED_VARIABLE = YES;
				IPHONEOS_DEPLOYMENT_TARGET = 18.1;
				LOCALIZATION_PREFERS_STRING_CATALOGS = YES;
				MTL_ENABLE_DEBUG_INFO = INCLUDE_SOURCE;
				MTL_FAST_MATH = YES;
				ONLY_ACTIVE_ARCH = YES;
				SDKROOT = iphoneos;
				SWIFT_ACTIVE_COMPILATION_CONDITIONS = "DEBUG $(inherited)";
				SWIFT_OPTIMIZATION_LEVEL = "-Onone";
			};
			name = Debug;
		};
		CC24B8DA2CE0CDC40047C008 /* Release */ = {
			isa = XCBuildConfiguration;
			buildSettings = {
				ALWAYS_SEARCH_USER_PATHS = NO;
				ASSETCATALOG_COMPILER_GENERATE_SWIFT_ASSET_SYMBOL_EXTENSIONS = YES;
				CLANG_ANALYZER_NONNULL = YES;
				CLANG_ANALYZER_NUMBER_OBJECT_CONVERSION = YES_AGGRESSIVE;
				CLANG_CXX_LANGUAGE_STANDARD = "gnu++20";
				CLANG_ENABLE_MODULES = YES;
				CLANG_ENABLE_OBJC_ARC = YES;
				CLANG_ENABLE_OBJC_WEAK = YES;
				CLANG_WARN_BLOCK_CAPTURE_AUTORELEASING = YES;
				CLANG_WARN_BOOL_CONVERSION = YES;
				CLANG_WARN_COMMA = YES;
				CLANG_WARN_CONSTANT_CONVERSION = YES;
				CLANG_WARN_DEPRECATED_OBJC_IMPLEMENTATIONS = YES;
				CLANG_WARN_DIRECT_OBJC_ISA_USAGE = YES_ERROR;
				CLANG_WARN_DOCUMENTATION_COMMENTS = YES;
				CLANG_WARN_EMPTY_BODY = YES;
				CLANG_WARN_ENUM_CONVERSION = YES;
				CLANG_WARN_INFINITE_RECURSION = YES;
				CLANG_WARN_INT_CONVERSION = YES;
				CLANG_WARN_NON_LITERAL_NULL_CONVERSION = YES;
				CLANG_WARN_OBJC_IMPLICIT_RETAIN_SELF = YES;
				CLANG_WARN_OBJC_LITERAL_CONVERSION = YES;
				CLANG_WARN_OBJC_ROOT_CLASS = YES_ERROR;
				CLANG_WARN_QUOTED_INCLUDE_IN_FRAMEWORK_HEADER = YES;
				CLANG_WARN_RANGE_LOOP_ANALYSIS = YES;
				CLANG_WARN_STRICT_PROTOTYPES = YES;
				CLANG_WARN_SUSPICIOUS_MOVE = YES;
				CLANG_WARN_UNGUARDED_AVAILABILITY = YES_AGGRESSIVE;
				CLANG_WARN_UNREACHABLE_CODE = YES;
				CLANG_WARN__DUPLICATE_METHOD_MATCH = YES;
				COPY_PHASE_STRIP = NO;
				DEBUG_INFORMATION_FORMAT = "dwarf-with-dsym";
				ENABLE_NS_ASSERTIONS = NO;
				ENABLE_STRICT_OBJC_MSGSEND = YES;
				ENABLE_USER_SCRIPT_SANDBOXING = YES;
				GCC_C_LANGUAGE_STANDARD = gnu17;
				GCC_NO_COMMON_BLOCKS = YES;
				GCC_WARN_64_TO_32_BIT_CONVERSION = YES;
				GCC_WARN_ABOUT_RETURN_TYPE = YES_ERROR;
				GCC_WARN_UNDECLARED_SELECTOR = YES;
				GCC_WARN_UNINITIALIZED_AUTOS = YES_AGGRESSIVE;
				GCC_WARN_UNUSED_FUNCTION = YES;
				GCC_WARN_UNUSED_VARIABLE = YES;
				IPHONEOS_DEPLOYMENT_TARGET = 18.1;
				LOCALIZATION_PREFERS_STRING_CATALOGS = YES;
				MTL_ENABLE_DEBUG_INFO = NO;
				MTL_FAST_MATH = YES;
				SDKROOT = iphoneos;
				SWIFT_COMPILATION_MODE = wholemodule;
				VALIDATE_PRODUCT = YES;
			};
			name = Release;
		};
		CC24B8DC2CE0CDC40047C008 /* Debug */ = {
			isa = XCBuildConfiguration;
			buildSettings = {
				ASSETCATALOG_COMPILER_APPICON_NAME = AppIcon;
				ASSETCATALOG_COMPILER_GLOBAL_ACCENT_COLOR_NAME = AccentColor;
				CODE_SIGN_STYLE = Automatic;
				CURRENT_PROJECT_VERSION = 1;
				DEVELOPMENT_ASSET_PATHS = "\"OnBoardingScreen/Preview Content\"";
				DEVELOPMENT_TEAM = ZVPD26YB94;
				ENABLE_PREVIEWS = YES;
				GENERATE_INFOPLIST_FILE = YES;
				INFOPLIST_KEY_UIApplicationSceneManifest_Generation = YES;
				INFOPLIST_KEY_UIApplicationSupportsIndirectInputEvents = YES;
				INFOPLIST_KEY_UILaunchScreen_Generation = YES;
				INFOPLIST_KEY_UISupportedInterfaceOrientations_iPad = "UIInterfaceOrientationPortrait UIInterfaceOrientationPortraitUpsideDown UIInterfaceOrientationLandscapeLeft UIInterfaceOrientationLandscapeRight";
				INFOPLIST_KEY_UISupportedInterfaceOrientations_iPhone = "UIInterfaceOrientationPortrait UIInterfaceOrientationLandscapeLeft UIInterfaceOrientationLandscapeRight";
				LD_RUNPATH_SEARCH_PATHS = (
					"$(inherited)",
					"@executable_path/Frameworks",
				);
				MARKETING_VERSION = 1.0;
				PRODUCT_BUNDLE_IDENTIFIER = amanda.OnBoardingScreen;
				PRODUCT_NAME = "$(TARGET_NAME)";
				SWIFT_EMIT_LOC_STRINGS = YES;
				SWIFT_VERSION = 5.0;
				TARGETED_DEVICE_FAMILY = "1,2";
			};
			name = Debug;
		};
		CC24B8DD2CE0CDC40047C008 /* Release */ = {
			isa = XCBuildConfiguration;
			buildSettings = {
				ASSETCATALOG_COMPILER_APPICON_NAME = AppIcon;
				ASSETCATALOG_COMPILER_GLOBAL_ACCENT_COLOR_NAME = AccentColor;
				CODE_SIGN_STYLE = Automatic;
				CURRENT_PROJECT_VERSION = 1;
				DEVELOPMENT_ASSET_PATHS = "\"OnBoardingScreen/Preview Content\"";
				DEVELOPMENT_TEAM = ZVPD26YB94;
				ENABLE_PREVIEWS = YES;
				GENERATE_INFOPLIST_FILE = YES;
				INFOPLIST_KEY_UIApplicationSceneManifest_Generation = YES;
				INFOPLIST_KEY_UIApplicationSupportsIndirectInputEvents = YES;
				INFOPLIST_KEY_UILaunchScreen_Generation = YES;
				INFOPLIST_KEY_UISupportedInterfaceOrientations_iPad = "UIInterfaceOrientationPortrait UIInterfaceOrientationPortraitUpsideDown UIInterfaceOrientationLandscapeLeft UIInterfaceOrientationLandscapeRight";
				INFOPLIST_KEY_UISupportedInterfaceOrientations_iPhone = "UIInterfaceOrientationPortrait UIInterfaceOrientationLandscapeLeft UIInterfaceOrientationLandscapeRight";
				LD_RUNPATH_SEARCH_PATHS = (
					"$(inherited)",
					"@executable_path/Frameworks",
				);
				MARKETING_VERSION = 1.0;
				PRODUCT_BUNDLE_IDENTIFIER = amanda.OnBoardingScreen;
				PRODUCT_NAME = "$(TARGET_NAME)";
				SWIFT_EMIT_LOC_STRINGS = YES;
				SWIFT_VERSION = 5.0;
				TARGETED_DEVICE_FAMILY = "1,2";
			};
			name = Release;
		};
		CC24B8DF2CE0CDC40047C008 /* Debug */ = {
			isa = XCBuildConfiguration;
			buildSettings = {
				BUNDLE_LOADER = "$(TEST_HOST)";
				CODE_SIGN_STYLE = Automatic;
				CURRENT_PROJECT_VERSION = 1;
				DEVELOPMENT_TEAM = ZVPD26YB94;
				GENERATE_INFOPLIST_FILE = YES;
				IPHONEOS_DEPLOYMENT_TARGET = 18.1;
				MARKETING_VERSION = 1.0;
				PRODUCT_BUNDLE_IDENTIFIER = amanda.OnBoardingScreenTests;
				PRODUCT_NAME = "$(TARGET_NAME)";
				SWIFT_EMIT_LOC_STRINGS = NO;
				SWIFT_VERSION = 5.0;
				TARGETED_DEVICE_FAMILY = "1,2";
				TEST_HOST = "$(BUILT_PRODUCTS_DIR)/OnBoardingScreen.app/$(BUNDLE_EXECUTABLE_FOLDER_PATH)/OnBoardingScreen";
			};
			name = Debug;
		};
		CC24B8E02CE0CDC40047C008 /* Release */ = {
			isa = XCBuildConfiguration;
			buildSettings = {
				BUNDLE_LOADER = "$(TEST_HOST)";
				CODE_SIGN_STYLE = Automatic;
				CURRENT_PROJECT_VERSION = 1;
				DEVELOPMENT_TEAM = ZVPD26YB94;
				GENERATE_INFOPLIST_FILE = YES;
				IPHONEOS_DEPLOYMENT_TARGET = 18.1;
				MARKETING_VERSION = 1.0;
				PRODUCT_BUNDLE_IDENTIFIER = amanda.OnBoardingScreenTests;
				PRODUCT_NAME = "$(TARGET_NAME)";
				SWIFT_EMIT_LOC_STRINGS = NO;
				SWIFT_VERSION = 5.0;
				TARGETED_DEVICE_FAMILY = "1,2";
				TEST_HOST = "$(BUILT_PRODUCTS_DIR)/OnBoardingScreen.app/$(BUNDLE_EXECUTABLE_FOLDER_PATH)/OnBoardingScreen";
			};
			name = Release;
		};
		CC24B8E22CE0CDC40047C008 /* Debug */ = {
			isa = XCBuildConfiguration;
			buildSettings = {
				CODE_SIGN_STYLE = Automatic;
				CURRENT_PROJECT_VERSION = 1;
				DEVELOPMENT_TEAM = ZVPD26YB94;
				GENERATE_INFOPLIST_FILE = YES;
				MARKETING_VERSION = 1.0;
				PRODUCT_BUNDLE_IDENTIFIER = amanda.OnBoardingScreenUITests;
				PRODUCT_NAME = "$(TARGET_NAME)";
				SWIFT_EMIT_LOC_STRINGS = NO;
				SWIFT_VERSION = 5.0;
				TARGETED_DEVICE_FAMILY = "1,2";
				TEST_TARGET_NAME = OnBoardingScreen;
			};
			name = Debug;
		};
		CC24B8E32CE0CDC40047C008 /* Release */ = {
			isa = XCBuildConfiguration;
			buildSettings = {
				CODE_SIGN_STYLE = Automatic;
				CURRENT_PROJECT_VERSION = 1;
				DEVELOPMENT_TEAM = ZVPD26YB94;
				GENERATE_INFOPLIST_FILE = YES;
				MARKETING_VERSION = 1.0;
				PRODUCT_BUNDLE_IDENTIFIER = amanda.OnBoardingScreenUITests;
				PRODUCT_NAME = "$(TARGET_NAME)";
				SWIFT_EMIT_LOC_STRINGS = NO;
				SWIFT_VERSION = 5.0;
				TARGETED_DEVICE_FAMILY = "1,2";
				TEST_TARGET_NAME = OnBoardingScreen;
			};
			name = Release;
		};
/* End XCBuildConfiguration section */

/* Begin XCConfigurationList section */
		CC24B8B22CE0CDC30047C008 /* Build configuration list for PBXProject "OnBoardingScreen" */ = {
			isa = XCConfigurationList;
			buildConfigurations = (
				CC24B8D92CE0CDC40047C008 /* Debug */,
				CC24B8DA2CE0CDC40047C008 /* Release */,
			);
			defaultConfigurationIsVisible = 0;
			defaultConfigurationName = Release;
		};
		CC24B8DB2CE0CDC40047C008 /* Build configuration list for PBXNativeTarget "OnBoardingScreen" */ = {
			isa = XCConfigurationList;
			buildConfigurations = (
				CC24B8DC2CE0CDC40047C008 /* Debug */,
				CC24B8DD2CE0CDC40047C008 /* Release */,
			);
			defaultConfigurationIsVisible = 0;
			defaultConfigurationName = Release;
		};
		CC24B8DE2CE0CDC40047C008 /* Build configuration list for PBXNativeTarget "OnBoardingScreenTests" */ = {
			isa = XCConfigurationList;
			buildConfigurations = (
				CC24B8DF2CE0CDC40047C008 /* Debug */,
				CC24B8E02CE0CDC40047C008 /* Release */,
			);
			defaultConfigurationIsVisible = 0;
			defaultConfigurationName = Release;
		};
		CC24B8E12CE0CDC40047C008 /* Build configuration list for PBXNativeTarget "OnBoardingScreenUITests" */ = {
			isa = XCConfigurationList;
			buildConfigurations = (
				CC24B8E22CE0CDC40047C008 /* Debug */,
				CC24B8E32CE0CDC40047C008 /* Release */,
			);
			defaultConfigurationIsVisible = 0;
			defaultConfigurationName = Release;
		};
/* End XCConfigurationList section */
	};
	rootObject = CC24B8AF2CE0CDC30047C008 /* Project object */;
}
